
Microsoft Visual Studio Solution File, Format Version 12.00
# Visual Studio Version 17
VisualStudioVersion = 17.7.34024.191
MinimumVisualStudioVersion = 10.0.40219.1
Project("{FAE04EC0-301F-11D3-BF4B-00C04F79EFBC}") = "Blazor_Tarefas", "Blazor_Tarefas.csproj", "{CA3DE9F0-D4B4-4FED-9A39-5C2E8D06D2F9}"
EndProject
Global
	GlobalSection(SolutionConfigurationPlatforms) = preSolution
		Debug|Any CPU = Debug|Any CPU
		Release|Any CPU = Release|Any CPU
	EndGlobalSection
	GlobalSection(ProjectConfigurationPlatforms) = postSolution
		{CA3DE9F0-D4B4-4FED-9A39-5C2E8D06D2F9}.Debug|Any CPU.ActiveCfg = Debug|Any CPU
		{CA3DE9F0-D4B4-4FED-9A39-5C2E8D06D2F9}.Debug|Any CPU.Build.0 = Debug|Any CPU
		{CA3DE9F0-D4B4-4FED-9A39-5C2E8D06D2F9}.Release|Any CPU.ActiveCfg = Release|Any CPU
		{CA3DE9F0-D4B4-4FED-9A39-5C2E8D06D2F9}.Release|Any CPU.Build.0 = Release|Any CPU
	EndGlobalSection
	GlobalSection(SolutionProperties) = preSolution
		HideSolutionNode = FALSE
	EndGlobalSection
	GlobalSection(ExtensibilityGlobals) = postSolution
		SolutionGuid = {14F8894A-BB10-4426-8DBB-6ACC64EB6D46}
	EndGlobalSection
EndGlobal
